
Microsoft Visual Studio Solution File, Format Version 12.00
# Visual Studio Version 16
VisualStudioVersion = 16.0.31729.503
MinimumVisualStudioVersion = 10.0.40219.1
Project("{888888A0-9F3D-457C-B088-3A5042F75D52}") = "Sprint5", "Sprint5\Sprint5.pyproj", "{366BCB30-E3BA-4DFD-8B2C-DBD05F736C10}"
EndProject
Global
	GlobalSection(SolutionConfigurationPlatforms) = preSolution
		Debug|Any CPU = Debug|Any CPU
		Release|Any CPU = Release|Any CPU
	EndGlobalSection
	GlobalSection(ProjectConfigurationPlatforms) = postSolution
		{366BCB30-E3BA-4DFD-8B2C-DBD05F736C10}.Debug|Any CPU.ActiveCfg = Debug|Any CPU
		{366BCB30-E3BA-4DFD-8B2C-DBD05F736C10}.Release|Any CPU.ActiveCfg = Release|Any CPU
	EndGlobalSection
	GlobalSection(SolutionProperties) = preSolution
		HideSolutionNode = FALSE
	EndGlobalSection
	GlobalSection(ExtensibilityGlobals) = postSolution
		SolutionGuid = {88D2D766-F1E6-4DD9-B8AE-A95C3C9CE239}
	EndGlobalSection
EndGlobal
